{
  "name": "beta-project",
  "version": "1.0.1",
  "lockfileVersion": 3,
  "requires": true,
  "packages": {
    "": {
      "name": "beta-project",
      "version": "1.0.1",
      "license": "ISC",
      "dependencies": {
        "code-dheryl": "^1.0.5",
        "code-dheryldz-notepad": "^1.0.1",
        "code-sbransyori": "^1.0.5",
        "code-sbransyori-to-do-list": "^1.0.1"
      },
      "devDependencies": {
        "lodash": "^4.17.21"
      }
    },
    "node_modules/code-dheryl": {
      "version": "1.0.5",
      "resolved": "https://registry.npmjs.org/code-dheryl/-/code-dheryl-1.0.5.tgz",
      "integrity": "sha512-GgPZ2YHv+uPJff1pRjpFuWy72+/bhQAfZo8mbIDlSC3E2H0gRPbQz3vtIOLSkqQAzV1NXb5+9HNEnvd5K/vpwQ==",
      "dependencies": {
        "code-sbransyori": "1.0.5",
        "lodash": "^4.17.21"
      }
    },
    "node_modules/code-dheryldz-notepad": {
      "version": "1.0.1",
      "resolved": "https://registry.npmjs.org/code-dheryldz-notepad/-/code-dheryldz-notepad-1.0.1.tgz",
      "integrity": "sha512-zjjw79kTWDfPNRGAHiJQX1xuVnJfXL/eTR++xdN9YAhwaLEc0MfiPv9PPFnSxKOTVlewQANwJsyimdDT/JJVLw==",
      "dependencies": {
        "code-mhammadiksan21-notepad": "^1.0.0",
        "code-sbransyori": "^1.0.5",
        "code-sbransyori-to-do-list": "^1.0.0"
      }
    },
    "node_modules/code-mhammadiksan21-notepad": {
      "version": "1.0.0",
      "resolved": "https://registry.npmjs.org/code-mhammadiksan21-notepad/-/code-mhammadiksan21-notepad-1.0.0.tgz",
      "integrity": "sha512-oofIu9Co4R6W6b6v+P6YjW//XEtIzxJedCkz+HBfBlDl18HJagQcpos9ihEP2JnITaU0MdZXHyMVrRSEiOPG+A=="
    },
    "node_modules/code-sbransyori": {
      "version": "1.0.5",
      "resolved": "https://registry.npmjs.org/code-sbransyori/-/code-sbransyori-1.0.5.tgz",
      "integrity": "sha512-CsiUxdLldl/BVNiPuyZFgpz3then1s6WPRbJDUGccPL1/VJe8z9og1SESR/wll2KqJTjrhjQV854vQQfqGY5ww==",
      "dependencies": {
        "code-dheryl": "1.0.4",
        "lodash": "^4.17.21"
      }
    },
    "node_modules/code-sbransyori-to-do-list": {
      "version": "1.0.1",
      "resolved": "https://registry.npmjs.org/code-sbransyori-to-do-list/-/code-sbransyori-to-do-list-1.0.1.tgz",
      "integrity": "sha512-AAtX2W0usv6D+Zcndlf0Wwv5d2TrUvYrVWw4u/eWFAPslXLAJd2ABLRL0fr5s/kR6Px7sz6PI0zhpqRFcIX/wQ==",
      "dependencies": {
        "code-dheryl": "^1.0.5",
        "code-dheryldz-notepad": "^1.0.0",
        "code-mhammadiksan21-notepad": "^1.0.0"
      }
    },
    "node_modules/code-sbransyori/node_modules/code-dheryl": {
      "version": "1.0.4",
      "resolved": "https://registry.npmjs.org/code-dheryl/-/code-dheryl-1.0.4.tgz",
      "integrity": "sha512-QBW3JyDsGdmnYJN0XA+RHxNiHEh36E8tfMGGlTrtfaElZAUWLP64zFIVxOazGOKGpaIx7i9CfSJDEjbFI4d1MA==",
      "dependencies": {
        "lodash": "^4.17.21"
      }
    },
    "node_modules/lodash": {
      "version": "4.17.21",
      "resolved": "https://registry.npmjs.org/lodash/-/lodash-4.17.21.tgz",
      "integrity": "sha512-v2kDEe57lecTulaDIuNTPy3Ry4gLGJ6Z1O3vE1krgXZNrsQ+LFTGHVxVjcXPs17LhbZVGedAJv8XZ1tvj5FvSg=="
    }
  }
}
